
Microsoft Visual Studio Solution File, Format Version 12.00
# Visual Studio Version 17
VisualStudioVersion = 17.11.35303.130
MinimumVisualStudioVersion = 10.0.40219.1
Project("{FAE04EC0-301F-11D3-BF4B-00C04F79EFBC}") = "04GestionDeAnimales", "04GestionDeAnimales\04GestionDeAnimales.csproj", "{C2BD2ECB-D7C6-4334-9055-44B3CBB91F4E}"
EndProject
Global
	GlobalSection(SolutionConfigurationPlatforms) = preSolution
		Debug|Any CPU = Debug|Any CPU
		Release|Any CPU = Release|Any CPU
	EndGlobalSection
	GlobalSection(ProjectConfigurationPlatforms) = postSolution
		{C2BD2ECB-D7C6-4334-9055-44B3CBB91F4E}.Debug|Any CPU.ActiveCfg = Debug|Any CPU
		{C2BD2ECB-D7C6-4334-9055-44B3CBB91F4E}.Debug|Any CPU.Build.0 = Debug|Any CPU
		{C2BD2ECB-D7C6-4334-9055-44B3CBB91F4E}.Release|Any CPU.ActiveCfg = Release|Any CPU
		{C2BD2ECB-D7C6-4334-9055-44B3CBB91F4E}.Release|Any CPU.Build.0 = Release|Any CPU
	EndGlobalSection
	GlobalSection(SolutionProperties) = preSolution
		HideSolutionNode = FALSE
	EndGlobalSection
	GlobalSection(ExtensibilityGlobals) = postSolution
		SolutionGuid = {11DF1314-13B8-4434-8C22-D8540128C199}
	EndGlobalSection
EndGlobal
